// !$*UTF8*$!
{
	archiveVersion = 1;
	classes = {
	};
	objectVersion = 46;
	objects = {

/* Begin PBXBuildFile section */
		4F423AF468B333DF0D845ED3 /* libPods-OrigamiAnimationTest.a in Frameworks */ = {isa = PBXBuildFile; fileRef = 47B733A23A32AC6C67C90463 /* libPods-OrigamiAnimationTest.a */; };
		DDF0EAB91B00587B00389B80 /* main.m in Sources */ = {isa = PBXBuildFile; fileRef = DDF0EAB81B00587B00389B80 /* main.m */; };
		DDF0EABC1B00587B00389B80 /* AppDelegate.m in Sources */ = {isa = PBXBuildFile; fileRef = DDF0EABB1B00587B00389B80 /* AppDelegate.m */; };
		DDF0EABF1B00587B00389B80 /* ViewController.m in Sources */ = {isa = PBXBuildFile; fileRef = DDF0EABE1B00587B00389B80 /* ViewController.m */; };
		DDF0EAC21B00587B00389B80 /* Main.storyboard in Resources */ = {isa = PBXBuildFile; fileRef = DDF0EAC01B00587B00389B80 /* Main.storyboard */; };
		DDF0EAC41B00587B00389B80 /* Images.xcassets in Resources */ = {isa = PBXBuildFile; fileRef = DDF0EAC31B00587B00389B80 /* Images.xcassets */; };
		DDF0EAC71B00587B00389B80 /* LaunchScreen.xib in Resources */ = {isa = PBXBuildFile; fileRef = DDF0EAC51B00587B00389B80 /* LaunchScreen.xib */; };
		DDF0EAD31B00587B00389B80 /* OrigamiAnimationTestTests.m in Sources */ = {isa = PBXBuildFile; fileRef = DDF0EAD21B00587B00389B80 /* OrigamiAnimationTestTests.m */; };
/* End PBXBuildFile section */

/* Begin PBXContainerItemProxy section */
		DDF0EACD1B00587B00389B80 /* PBXContainerItemProxy */ = {
			isa = PBXContainerItemProxy;
			containerPortal = DDF0EAAB1B00587B00389B80 /* Project object */;
			proxyType = 1;
			remoteGlobalIDString = DDF0EAB21B00587B00389B80;
			remoteInfo = OrigamiAnimationTest;
		};
/* End PBXContainerItemProxy section */

/* Begin PBXFileReference section */
		189623474813C39B07888579 /* Pods-OrigamiAnimationTest.debug.xcconfig */ = {isa = PBXFileReference; includeInIndex = 1; lastKnownFileType = text.xcconfig; name = "Pods-OrigamiAnimationTest.debug.xcconfig"; path = "Pods/Target Support Files/Pods-OrigamiAnimationTest/Pods-OrigamiAnimationTest.debug.xcconfig"; sourceTree = "<group>"; };
		47B733A23A32AC6C67C90463 /* libPods-OrigamiAnimationTest.a */ = {isa = PBXFileReference; explicitFileType = archive.ar; includeInIndex = 0; path = "libPods-OrigamiAnimationTest.a"; sourceTree = BUILT_PRODUCTS_DIR; };
		8BB58AE654A1DE180F6109EA /* Pods-OrigamiAnimationTest.release.xcconfig */ = {isa = PBXFileReference; includeInIndex = 1; lastKnownFileType = text.xcconfig; name = "Pods-OrigamiAnimationTest.release.xcconfig"; path = "Pods/Target Support Files/Pods-OrigamiAnimationTest/Pods-OrigamiAnimationTest.release.xcconfig"; sourceTree = "<group>"; };
		DDF0EAB31B00587B00389B80 /* OrigamiAnimationTest.app */ = {isa = PBXFileReference; explicitFileType = wrapper.application; includeInIndex = 0; path = OrigamiAnimationTest.app; sourceTree = BUILT_PRODUCTS_DIR; };
		DDF0EAB71B00587B00389B80 /* Info.plist */ = {isa = PBXFileReference; lastKnownFileType = text.plist.xml; path = Info.plist; sourceTree = "<group>"; };
		DDF0EAB81B00587B00389B80 /* main.m */ = {isa = PBXFileReference; lastKnownFileType = sourcecode.c.objc; path = main.m; sourceTree = "<group>"; };
		DDF0EABA1B00587B00389B80 /* AppDelegate.h */ = {isa = PBXFileReference; lastKnownFileType = sourcecode.c.h; path = AppDelegate.h; sourceTree = "<group>"; };
		DDF0EABB1B00587B00389B80 /* AppDelegate.m */ = {isa = PBXFileReference; lastKnownFileType = sourcecode.c.objc; path = AppDelegate.m; sourceTree = "<group>"; };
		DDF0EABD1B00587B00389B80 /* ViewController.h */ = {isa = PBXFileReference; lastKnownFileType = sourcecode.c.h; path = ViewController.h; sourceTree = "<group>"; };
		DDF0EABE1B00587B00389B80 /* ViewController.m */ = {isa = PBXFileReference; lastKnownFileType = sourcecode.c.objc; path = ViewController.m; sourceTree = "<group>"; };
		DDF0EAC11B00587B00389B80 /* Base */ = {isa = PBXFileReference; lastKnownFileType = file.storyboard; name = Base; path = Base.lproj/Main.storyboard; sourceTree = "<group>"; };
		DDF0EAC31B00587B00389B80 /* Images.xcassets */ = {isa = PBXFileReference; lastKnownFileType = folder.assetcatalog; path = Images.xcassets; sourceTree = "<group>"; };
		DDF0EAC61B00587B00389B80 /* Base */ = {isa = PBXFileReference; lastKnownFileType = file.xib; name = Base; path = Base.lproj/LaunchScreen.xib; sourceTree = "<group>"; };
		DDF0EACC1B00587B00389B80 /* OrigamiAnimationTestTests.xctest */ = {isa = PBXFileReference; explicitFileType = wrapper.cfbundle; includeInIndex = 0; path = OrigamiAnimationTestTests.xctest; sourceTree = BUILT_PRODUCTS_DIR; };
		DDF0EAD11B00587B00389B80 /* Info.plist */ = {isa = PBXFileReference; lastKnownFileType = text.plist.xml; path = Info.plist; sourceTree = "<group>"; };
		DDF0EAD21B00587B00389B80 /* OrigamiAnimationTestTests.m */ = {isa = PBXFileReference; lastKnownFileType = sourcecode.c.objc; path = OrigamiAnimationTestTests.m; sourceTree = "<group>"; };
/* End PBXFileReference section */

/* Begin PBXFrameworksBuildPhase section */
		DDF0EAB01B00587B00389B80 /* Frameworks */ = {
			isa = PBXFrameworksBuildPhase;
			buildActionMask = 2147483647;
			files = (
				4F423AF468B333DF0D845ED3 /* libPods-OrigamiAnimationTest.a in Frameworks */,
			);
			runOnlyForDeploymentPostprocessing = 0;
		};
		DDF0EAC91B00587B00389B80 /* Frameworks */ = {
			isa = PBXFrameworksBuildPhase;
			buildActionMask = 2147483647;
			files = (
			);
			runOnlyForDeploymentPostprocessing = 0;
		};
/* End PBXFrameworksBuildPhase section */

/* Begin PBXGroup section */
		155ECF78BFCFD7A423AEED85 /* Pods */ = {
			isa = PBXGroup;
			children = (
				189623474813C39B07888579 /* Pods-OrigamiAnimationTest.debug.xcconfig */,
				8BB58AE654A1DE180F6109EA /* Pods-OrigamiAnimationTest.release.xcconfig */,
			);
			name = Pods;
			sourceTree = "<group>";
		};
		A2AE6DB7A93F88CC8F356BB9 /* Frameworks */ = {
			isa = PBXGroup;
			children = (
				47B733A23A32AC6C67C90463 /* libPods-OrigamiAnimationTest.a */,
			);
			name = Frameworks;
			sourceTree = "<group>";
		};
		DDF0EAAA1B00587B00389B80 = {
			isa = PBXGroup;
			children = (
				DDF0EAB51B00587B00389B80 /* OrigamiAnimationTest */,
				DDF0EACF1B00587B00389B80 /* OrigamiAnimationTestTests */,
				DDF0EAB41B00587B00389B80 /* Products */,
				155ECF78BFCFD7A423AEED85 /* Pods */,
				A2AE6DB7A93F88CC8F356BB9 /* Frameworks */,
			);
			sourceTree = "<group>";
		};
		DDF0EAB41B00587B00389B80 /* Products */ = {
			isa = PBXGroup;
			children = (
				DDF0EAB31B00587B00389B80 /* OrigamiAnimationTest.app */,
				DDF0EACC1B00587B00389B80 /* OrigamiAnimationTestTests.xctest */,
			);
			name = Products;
			sourceTree = "<group>";
		};
		DDF0EAB51B00587B00389B80 /* OrigamiAnimationTest */ = {
			isa = PBXGroup;
			children = (
				DDF0EABA1B00587B00389B80 /* AppDelegate.h */,
				DDF0EABB1B00587B00389B80 /* AppDelegate.m */,
				DDF0EABD1B00587B00389B80 /* ViewController.h */,
				DDF0EABE1B00587B00389B80 /* ViewController.m */,
				DDF0EAC01B00587B00389B80 /* Main.storyboard */,
				DDF0EAC31B00587B00389B80 /* Images.xcassets */,
				DDF0EAC51B00587B00389B80 /* LaunchScreen.xib */,
				DDF0EAB61B00587B00389B80 /* Supporting Files */,
			);
			path = OrigamiAnimationTest;
			sourceTree = "<group>";
		};
		DDF0EAB61B00587B00389B80 /* Supporting Files */ = {
			isa = PBXGroup;
			children = (
				DDF0EAB71B00587B00389B80 /* Info.plist */,
				DDF0EAB81B00587B00389B80 /* main.m */,
			);
			name = "Supporting Files";
			sourceTree = "<group>";
		};
		DDF0EACF1B00587B00389B80 /* OrigamiAnimationTestTests */ = {
			isa = PBXGroup;
			children = (
				DDF0EAD21B00587B00389B80 /* OrigamiAnimationTestTests.m */,
				DDF0EAD01B00587B00389B80 /* Supporting Files */,
			);
			path = OrigamiAnimationTestTests;
			sourceTree = "<group>";
		};
		DDF0EAD01B00587B00389B80 /* Supporting Files */ = {
			isa = PBXGroup;
			children = (
				DDF0EAD11B00587B00389B80 /* Info.plist */,
			);
			name = "Supporting Files";
			sourceTree = "<group>";
		};
/* End PBXGroup section */

/* Begin PBXNativeTarget section */
		DDF0EAB21B00587B00389B80 /* OrigamiAnimationTest */ = {
			isa = PBXNativeTarget;
			buildConfigurationList = DDF0EAD61B00587B00389B80 /* Build configuration list for PBXNativeTarget "OrigamiAnimationTest" */;
			buildPhases = (
				A6BB344AE6BEB9F508E3BD84 /* Check Pods Manifest.lock */,
				DDF0EAAF1B00587B00389B80 /* Sources */,
				DDF0EAB01B00587B00389B80 /* Frameworks */,
				DDF0EAB11B00587B00389B80 /* Resources */,
				A40597C510295D399F7ED71F /* Copy Pods Resources */,
			);
			buildRules = (
			);
			dependencies = (
			);
			name = OrigamiAnimationTest;
			productName = OrigamiAnimationTest;
			productReference = DDF0EAB31B00587B00389B80 /* OrigamiAnimationTest.app */;
			productType = "com.apple.product-type.application";
		};
		DDF0EACB1B00587B00389B80 /* OrigamiAnimationTestTests */ = {
			isa = PBXNativeTarget;
			buildConfigurationList = DDF0EAD91B00587B00389B80 /* Build configuration list for PBXNativeTarget "OrigamiAnimationTestTests" */;
			buildPhases = (
				DDF0EAC81B00587B00389B80 /* Sources */,
				DDF0EAC91B00587B00389B80 /* Frameworks */,
				DDF0EACA1B00587B00389B80 /* Resources */,
			);
			buildRules = (
			);
			dependencies = (
				DDF0EACE1B00587B00389B80 /* PBXTargetDependency */,
			);
			name = OrigamiAnimationTestTests;
			productName = OrigamiAnimationTestTests;
			productReference = DDF0EACC1B00587B00389B80 /* OrigamiAnimationTestTests.xctest */;
			productType = "com.apple.product-type.bundle.unit-test";
		};
/* End PBXNativeTarget section */

/* Begin PBXProject section */
		DDF0EAAB1B00587B00389B80 /* Project object */ = {
			isa = PBXProject;
			attributes = {
				LastUpgradeCheck = 0620;
				ORGANIZATIONNAME = Akring;
				TargetAttributes = {
					DDF0EAB21B00587B00389B80 = {
						CreatedOnToolsVersion = 6.2;
					};
					DDF0EACB1B00587B00389B80 = {
						CreatedOnToolsVersion = 6.2;
						TestTargetID = DDF0EAB21B00587B00389B80;
					};
				};
			};
			buildConfigurationList = DDF0EAAE1B00587B00389B80 /* Build configuration list for PBXProject "OrigamiAnimationTest" */;
			compatibilityVersion = "Xcode 3.2";
			developmentRegion = English;
			hasScannedForEncodings = 0;
			knownRegions = (
				en,
				Base,
			);
			mainGroup = DDF0EAAA1B00587B00389B80;
			productRefGroup = DDF0EAB41B00587B00389B80 /* Products */;
			projectDirPath = "";
			projectRoot = "";
			targets = (
				DDF0EAB21B00587B00389B80 /* OrigamiAnimationTest */,
				DDF0EACB1B00587B00389B80 /* OrigamiAnimationTestTests */,
			);
		};
/* End PBXProject section */

/* Begin PBXResourcesBuildPhase section */
		DDF0EAB11B00587B00389B80 /* Resources */ = {
			isa = PBXResourcesBuildPhase;
			buildActionMask = 2147483647;
			files = (
				DDF0EAC21B00587B00389B80 /* Main.storyboard in Resources */,
				DDF0EAC71B00587B00389B80 /* LaunchScreen.xib in Resources */,
				DDF0EAC41B00587B00389B80 /* Images.xcassets in Resources */,
			);
			runOnlyForDeploymentPostprocessing = 0;
		};
		DDF0EACA1B00587B00389B80 /* Resources */ = {
			isa = PBXResourcesBuildPhase;
			buildActionMask = 2147483647;
			files = (
			);
			runOnlyForDeploymentPostprocessing = 0;
		};
/* End PBXResourcesBuildPhase section */

/* Begin PBXShellScriptBuildPhase section */
		A40597C510295D399F7ED71F /* Copy Pods Resources */ = {
			isa = PBXShellScriptBuildPhase;
			buildActionMask = 2147483647;
			files = (
			);
			inputPaths = (
			);
			name = "Copy Pods Resources";
			outputPaths = (
			);
			runOnlyForDeploymentPostprocessing = 0;
			shellPath = /bin/sh;
			shellScript = "\"${SRCROOT}/Pods/Target Support Files/Pods-OrigamiAnimationTest/Pods-OrigamiAnimationTest-resources.sh\"\n";
			showEnvVarsInLog = 0;
		};
		A6BB344AE6BEB9F508E3BD84 /* Check Pods Manifest.lock */ = {
			isa = PBXShellScriptBuildPhase;
			buildActionMask = 2147483647;
			files = (
			);
			inputPaths = (
			);
			name = "Check Pods Manifest.lock";
			outputPaths = (
			);
			runOnlyForDeploymentPostprocessing = 0;
			shellPath = /bin/sh;
			shellScript = "diff \"${PODS_ROOT}/../Podfile.lock\" \"${PODS_ROOT}/Manifest.lock\" > /dev/null\nif [[ $? != 0 ]] ; then\n    cat << EOM\nerror: The sandbox is not in sync with the Podfile.lock. Run 'pod install' or update your CocoaPods installation.\nEOM\n    exit 1\nfi\n";
			showEnvVarsInLog = 0;
		};
/* End PBXShellScriptBuildPhase section */

/* Begin PBXSourcesBuildPhase section */
		DDF0EAAF1B00587B00389B80 /* Sources */ = {
			isa = PBXSourcesBuildPhase;
			buildActionMask = 2147483647;
			files = (
				DDF0EABF1B00587B00389B80 /* ViewController.m in Sources */,
				DDF0EABC1B00587B00389B80 /* AppDelegate.m in Sources */,
				DDF0EAB91B00587B00389B80 /* main.m in Sources */,
			);
			runOnlyForDeploymentPostprocessing = 0;
		};
		DDF0EAC81B00587B00389B80 /* Sources */ = {
			isa = PBXSourcesBuildPhase;
			buildActionMask = 2147483647;
			files = (
				DDF0EAD31B00587B00389B80 /* OrigamiAnimationTestTests.m in Sources */,
			);
			runOnlyForDeploymentPostprocessing = 0;
		};
/* End PBXSourcesBuildPhase section */

/* Begin PBXTargetDependency section */
		DDF0EACE1B00587B00389B80 /* PBXTargetDependency */ = {
			isa = PBXTargetDependency;
			target = DDF0EAB21B00587B00389B80 /* OrigamiAnimationTest */;
			targetProxy = DDF0EACD1B00587B00389B80 /* PBXContainerItemProxy */;
		};
/* End PBXTargetDependency section */

/* Begin PBXVariantGroup section */
		DDF0EAC01B00587B00389B80 /* Main.storyboard */ = {
			isa = PBXVariantGroup;
			children = (
				DDF0EAC11B00587B00389B80 /* Base */,
			);
			name = Main.storyboard;
			sourceTree = "<group>";
		};
		DDF0EAC51B00587B00389B80 /* LaunchScreen.xib */ = {
			isa = PBXVariantGroup;
			children = (
				DDF0EAC61B00587B00389B80 /* Base */,
			);
			name = LaunchScreen.xib;
			sourceTree = "<group>";
		};
/* End PBXVariantGroup section */

/* Begin XCBuildConfiguration section */
		DDF0EAD41B00587B00389B80 /* Debug */ = {
			isa = XCBuildConfiguration;
			buildSettings = {
				ALWAYS_SEARCH_USER_PATHS = NO;
				CLANG_CXX_LANGUAGE_STANDARD = "gnu++0x";
				CLANG_CXX_LIBRARY = "libc++";
				CLANG_ENABLE_MODULES = YES;
				CLANG_ENABLE_OBJC_ARC = YES;
				CLANG_WARN_BOOL_CONVERSION = YES;
				CLANG_WARN_CONSTANT_CONVERSION = YES;
				CLANG_WARN_DIRECT_OBJC_ISA_USAGE = YES_ERROR;
				CLANG_WARN_EMPTY_BODY = YES;
				CLANG_WARN_ENUM_CONVERSION = YES;
				CLANG_WARN_INT_CONVERSION = YES;
				CLANG_WARN_OBJC_ROOT_CLASS = YES_ERROR;
				CLANG_WARN_UNREACHABLE_CODE = YES;
				CLANG_WARN__DUPLICATE_METHOD_MATCH = YES;
				"CODE_SIGN_IDENTITY[sdk=iphoneos*]" = "iPhone Developer";
				COPY_PHASE_STRIP = NO;
				ENABLE_STRICT_OBJC_MSGSEND = YES;
				GCC_C_LANGUAGE_STANDARD = gnu99;
				GCC_DYNAMIC_NO_PIC = NO;
				GCC_OPTIMIZATION_LEVEL = 0;
				GCC_PREPROCESSOR_DEFINITIONS = (
					"DEBUG=1",
					"$(inherited)",
				);
				GCC_SYMBOLS_PRIVATE_EXTERN = NO;
				GCC_WARN_64_TO_32_BIT_CONVERSION = YES;
				GCC_WARN_ABOUT_RETURN_TYPE = YES_ERROR;
				GCC_WARN_UNDECLARED_SELECTOR = YES;
				GCC_WARN_UNINITIALIZED_AUTOS = YES_AGGRESSIVE;
				GCC_WARN_UNUSED_FUNCTION = YES;
				GCC_WARN_UNUSED_VARIABLE = YES;
				IPHONEOS_DEPLOYMENT_TARGET = 8.2;
				MTL_ENABLE_DEBUG_INFO = YES;
				ONLY_ACTIVE_ARCH = YES;
				SDKROOT = iphoneos;
			};
			name = Debug;
		};
		DDF0EAD51B00587B00389B80 /* Release */ = {
			isa = XCBuildConfiguration;
			buildSettings = {
				ALWAYS_SEARCH_USER_PATHS = NO;
				CLANG_CXX_LANGUAGE_STANDARD = "gnu++0x";
				CLANG_CXX_LIBRARY = "libc++";
				CLANG_ENABLE_MODULES = YES;
				CLANG_ENABLE_OBJC_ARC = YES;
				CLANG_WARN_BOOL_CONVERSION = YES;
				CLANG_WARN_CONSTANT_CONVERSION = YES;
				CLANG_WARN_DIRECT_OBJC_ISA_USAGE = YES_ERROR;
				CLANG_WARN_EMPTY_BODY = YES;
				CLANG_WARN_ENUM_CONVERSION = YES;
				CLANG_WARN_INT_CONVERSION = YES;
				CLANG_WARN_OBJC_ROOT_CLASS = YES_ERROR;
				CLANG_WARN_UNREACHABLE_CODE = YES;
				CLANG_WARN__DUPLICATE_METHOD_MATCH = YES;
				"CODE_SIGN_IDENTITY[sdk=iphoneos*]" = "iPhone Developer";
				COPY_PHASE_STRIP = NO;
				ENABLE_NS_ASSERTIONS = NO;
				ENABLE_STRICT_OBJC_MSGSEND = YES;
				GCC_C_LANGUAGE_STANDARD = gnu99;
				GCC_WARN_64_TO_32_BIT_CONVERSION = YES;
				GCC_WARN_ABOUT_RETURN_TYPE = YES_ERROR;
				GCC_WARN_UNDECLARED_SELECTOR = YES;
				GCC_WARN_UNINITIALIZED_AUTOS = YES_AGGRESSIVE;
				GCC_WARN_UNUSED_FUNCTION = YES;
				GCC_WARN_UNUSED_VARIABLE = YES;
				IPHONEOS_DEPLOYMENT_TARGET = 8.2;
				MTL_ENABLE_DEBUG_INFO = NO;
				SDKROOT = iphoneos;
				VALIDATE_PRODUCT = YES;
			};
			name = Release;
		};
		DDF0EAD71B00587B00389B80 /* Debug */ = {
			isa = XCBuildConfiguration;
			baseConfigurationReference = 189623474813C39B07888579 /* Pods-OrigamiAnimationTest.debug.xcconfig */;
			buildSettings = {
				ASSETCATALOG_COMPILER_APPICON_NAME = AppIcon;
				INFOPLIST_FILE = OrigamiAnimationTest/Info.plist;
				LD_RUNPATH_SEARCH_PATHS = "$(inherited) @executable_path/Frameworks";
				PRODUCT_NAME = "$(TARGET_NAME)";
			};
			name = Debug;
		};
		DDF0EAD81B00587B00389B80 /* Release */ = {
			isa = XCBuildConfiguration;
			baseConfigurationReference = 8BB58AE654A1DE180F6109EA /* Pods-OrigamiAnimationTest.release.xcconfig */;
			buildSettings = {
				ASSETCATALOG_COMPILER_APPICON_NAME = AppIcon;
				INFOPLIST_FILE = OrigamiAnimationTest/Info.plist;
				LD_RUNPATH_SEARCH_PATHS = "$(inherited) @executable_path/Frameworks";
				PRODUCT_NAME = "$(TARGET_NAME)";
			};
			name = Release;
		};
		DDF0EADA1B00587B00389B80 /* Debug */ = {
			isa = XCBuildConfiguration;
			buildSettings = {
				BUNDLE_LOADER = "$(TEST_HOST)";
				FRAMEWORK_SEARCH_PATHS = (
					"$(SDKROOT)/Developer/Library/Frameworks",
					"$(inherited)",
				);
				GCC_PREPROCESSOR_DEFINITIONS = (
					"DEBUG=1",
					"$(inherited)",
				);
				INFOPLIST_FILE = OrigamiAnimationTestTests/Info.plist;
				LD_RUNPATH_SEARCH_PATHS = "$(inherited) @executable_path/Frameworks @loader_path/Frameworks";
				PRODUCT_NAME = "$(TARGET_NAME)";
				TEST_HOST = "$(BUILT_PRODUCTS_DIR)/OrigamiAnimationTest.app/OrigamiAnimationTest";
			};
			name = Debug;
		};
		DDF0EADB1B00587B00389B80 /* Release */ = {
			isa = XCBuildConfiguration;
			buildSettings = {
				BUNDLE_LOADER = "$(TEST_HOST)";
				FRAMEWORK_SEARCH_PATHS = (
					"$(SDKROOT)/Developer/Library/Frameworks",
					"$(inherited)",
				);
				INFOPLIST_FILE = OrigamiAnimationTestTests/Info.plist;
				LD_RUNPATH_SEARCH_PATHS = "$(inherited) @executable_path/Frameworks @loader_path/Frameworks";
				PRODUCT_NAME = "$(TARGET_NAME)";
				TEST_HOST = "$(BUILT_PRODUCTS_DIR)/OrigamiAnimationTest.app/OrigamiAnimationTest";
			};
			name = Release;
		};
/* End XCBuildConfiguration section */

/* Begin XCConfigurationList section */
		DDF0EAAE1B00587B00389B80 /* Build configuration list for PBXProject "OrigamiAnimationTest" */ = {
			isa = XCConfigurationList;
			buildConfigurations = (
				DDF0EAD41B00587B00389B80 /* Debug */,
				DDF0EAD51B00587B00389B80 /* Release */,
			);
			defaultConfigurationIsVisible = 0;
			defaultConfigurationName = Release;
		};
		DDF0EAD61B00587B00389B80 /* Build configuration list for PBXNativeTarget "OrigamiAnimationTest" */ = {
			isa = XCConfigurationList;
			buildConfigurations = (
				DDF0EAD71B00587B00389B80 /* Debug */,
				DDF0EAD81B00587B00389B80 /* Release */,
			);
			defaultConfigurationIsVisible = 0;
			defaultConfigurationName = Release;
		};
		DDF0EAD91B00587B00389B80 /* Build configuration list for PBXNativeTarget "OrigamiAnimationTestTests" */ = {
			isa = XCConfigurationList;
			buildConfigurations = (
				DDF0EADA1B00587B00389B80 /* Debug */,
				DDF0EADB1B00587B00389B80 /* Release */,
			);
			defaultConfigurationIsVisible = 0;
			defaultConfigurationName = Release;
		};
/* End XCConfigurationList section */
	};
	rootObject = DDF0EAAB1B00587B00389B80 /* Project object */;
}
